
Microsoft Visual Studio Solution File, Format Version 12.00
# Visual Studio Version 17
VisualStudioVersion = 17.6.33723.286
MinimumVisualStudioVersion = 10.0.40219.1
Project("{FAE04EC0-301F-11D3-BF4B-00C04F79EFBC}") = "CalculadoraDeNotas", "CalculadoraDeNotas\CalculadoraDeNotas.csproj", "{9A660669-7E13-4E41-AE98-EFAC857E0206}"
EndProject
Global
	GlobalSection(SolutionConfigurationPlatforms) = preSolution
		Debug|Any CPU = Debug|Any CPU
		Release|Any CPU = Release|Any CPU
	EndGlobalSection
	GlobalSection(ProjectConfigurationPlatforms) = postSolution
		{9A660669-7E13-4E41-AE98-EFAC857E0206}.Debug|Any CPU.ActiveCfg = Debug|Any CPU
		{9A660669-7E13-4E41-AE98-EFAC857E0206}.Debug|Any CPU.Build.0 = Debug|Any CPU
		{9A660669-7E13-4E41-AE98-EFAC857E0206}.Release|Any CPU.ActiveCfg = Release|Any CPU
		{9A660669-7E13-4E41-AE98-EFAC857E0206}.Release|Any CPU.Build.0 = Release|Any CPU
	EndGlobalSection
	GlobalSection(SolutionProperties) = preSolution
		HideSolutionNode = FALSE
	EndGlobalSection
	GlobalSection(ExtensibilityGlobals) = postSolution
		SolutionGuid = {BD3F9D34-3A84-4943-9EE1-F28B73B728A7}
	EndGlobalSection
EndGlobal
